
Microsoft Visual Studio Solution File, Format Version 12.00
# Visual Studio 15
VisualStudioVersion = 15.0.26730.16
MinimumVisualStudioVersion = 10.0.40219.1
Project("{FAE04EC0-301F-11D3-BF4B-00C04F79EFBC}") = "Texditor", "Texditor\Texditor.csproj", "{307247A2-1020-44EA-B6C3-007F4F89832D}"
EndProject
Project("{FAE04EC0-301F-11D3-BF4B-00C04F79EFBC}") = "AutocompleteMenu", "Texditor\Library\AutocompleteMenu\AutocompleteMenu\AutocompleteMenu.csproj", "{43CBC9AA-6A8E-463F-83A9-AFF3124AFDB6}"
EndProject
Global
	GlobalSection(Performance) = preSolution
		HasPerformanceSessions = true
	EndGlobalSection
	GlobalSection(SolutionConfigurationPlatforms) = preSolution
		Debug|Any CPU = Debug|Any CPU
		Release|Any CPU = Release|Any CPU
	EndGlobalSection
	GlobalSection(ProjectConfigurationPlatforms) = postSolution
		{307247A2-1020-44EA-B6C3-007F4F89832D}.Debug|Any CPU.ActiveCfg = Debug|Any CPU
		{307247A2-1020-44EA-B6C3-007F4F89832D}.Debug|Any CPU.Build.0 = Debug|Any CPU
		{307247A2-1020-44EA-B6C3-007F4F89832D}.Release|Any CPU.ActiveCfg = Release|Any CPU
		{307247A2-1020-44EA-B6C3-007F4F89832D}.Release|Any CPU.Build.0 = Release|Any CPU
		{43CBC9AA-6A8E-463F-83A9-AFF3124AFDB6}.Debug|Any CPU.ActiveCfg = Debug|Any CPU
		{43CBC9AA-6A8E-463F-83A9-AFF3124AFDB6}.Debug|Any CPU.Build.0 = Debug|Any CPU
		{43CBC9AA-6A8E-463F-83A9-AFF3124AFDB6}.Release|Any CPU.ActiveCfg = Release|Any CPU
		{43CBC9AA-6A8E-463F-83A9-AFF3124AFDB6}.Release|Any CPU.Build.0 = Release|Any CPU
	EndGlobalSection
	GlobalSection(SolutionProperties) = preSolution
		HideSolutionNode = FALSE
	EndGlobalSection
	GlobalSection(ExtensibilityGlobals) = postSolution
		SolutionGuid = {F01DC369-77C1-440C-AE20-5C8C873C11F8}
	EndGlobalSection
EndGlobal
